Microsoft Visual Studio Solution File, Format Version 12.00
# Visual Studio Version 16
VisualStudioVersion = 16.0.0.0
MinimumVisualStudioVersion = 16.0.0.0
Project("{9A19103F-16F7-4668-BE54-9A1E7A4F7556}") = "NethereumExplorer", "NethereumExplorer\NethereumExplorer.csproj", "{8F35B0DE-B367-4378-B33E-957CA43CA6F8}"
EndProject
Project("{FAE04EC0-301F-11D3-BF4B-00C04F79EFBC}") = "NethereumExplorer.Android", "NethereumExplorer.Android\NethereumExplorer.Android.csproj", "{55EFB7AC-1695-4FA9-8CD3-0BFBE843A8BF}"
EndProject
Project("{FAE04EC0-301F-11D3-BF4B-00C04F79EFBC}") = "NethereumExplorer.iOS", "NethereumExplorer.iOS\NethereumExplorer.iOS.csproj", "{900EF744-AD44-41D8-8680-36669164EDC6}"
EndProject
Project("{9A19103F-16F7-4668-BE54-9A1E7A4F7556}") = "NethereumExplorer.Windows", "NethereumExplorer.Windows\NethereumExplorer.Windows.csproj", "{519BC819-5065-4265-97CF-094708F718C6}"
EndProject
Project("{FAE04EC0-301F-11D3-BF4B-00C04F79EFBC}") = "NethereumExplorer.macOS", "NethereumExplorer.macOS\NethereumExplorer.macOS.csproj", "{BD41CF8E-38FB-48D4-8767-5D144F59105E}"
EndProject
Project("{9A19103F-16F7-4668-BE54-9A1E7A4F7556}") = "NethereumExplorer.Core", "NethereumExplorer.Core\NethereumExplorer.Core.csproj", "{8370147A-CBE8-4D1A-A291-50E0950551CC}"
EndProject
Project("{9A19103F-16F7-4668-BE54-9A1E7A4F7556}") = "NethereumExplorer.ClientWasm", "NethereumExplorer.ClientWasm\NethereumExplorer.ClientWasm.csproj", "{30B39CB7-ADA9-4FE5-BDFE-867C3C5DCC8D}"
EndProject
Project("{FAE04EC0-301F-11D3-BF4B-00C04F79EFBC}") = "NethereumExplorer.Server", "NethereumExplorer.Server\NethereumExplorer.Server.csproj", "{AD170AB1-F7BD-4F2D-BD50-6D6F1141DAC8}"
EndProject
Global
	GlobalSection(SolutionConfigurationPlatforms) = preSolution
		Debug|Any CPU = Debug|Any CPU
		Debug|iPhone = Debug|iPhone
		Debug|iPhoneSimulator = Debug|iPhoneSimulator
		Debug|x64 = Debug|x64
		Debug|x86 = Debug|x86
		Release|Any CPU = Release|Any CPU
		Release|iPhone = Release|iPhone
		Release|iPhoneSimulator = Release|iPhoneSimulator
		Release|x64 = Release|x64
		Release|x86 = Release|x86
	EndGlobalSection
	GlobalSection(ProjectConfigurationPlatforms) = postSolution
		{8F35B0DE-B367-4378-B33E-957CA43CA6F8}.Debug|Any CPU.ActiveCfg = Debug|Any CPU
		{8F35B0DE-B367-4378-B33E-957CA43CA6F8}.Debug|Any CPU.Build.0 = Debug|Any CPU
		{8F35B0DE-B367-4378-B33E-957CA43CA6F8}.Debug|iPhone.ActiveCfg = Debug|Any CPU
		{8F35B0DE-B367-4378-B33E-957CA43CA6F8}.Debug|iPhone.Build.0 = Debug|Any CPU
		{8F35B0DE-B367-4378-B33E-957CA43CA6F8}.Debug|iPhoneSimulator.ActiveCfg = Debug|Any CPU
		{8F35B0DE-B367-4378-B33E-957CA43CA6F8}.Debug|iPhoneSimulator.Build.0 = Debug|Any CPU
		{8F35B0DE-B367-4378-B33E-957CA43CA6F8}.Debug|x64.ActiveCfg = Debug|Any CPU
		{8F35B0DE-B367-4378-B33E-957CA43CA6F8}.Debug|x64.Build.0 = Debug|Any CPU
		{8F35B0DE-B367-4378-B33E-957CA43CA6F8}.Debug|x86.ActiveCfg = Debug|Any CPU
		{8F35B0DE-B367-4378-B33E-957CA43CA6F8}.Debug|x86.Build.0 = Debug|Any CPU
		{8F35B0DE-B367-4378-B33E-957CA43CA6F8}.Release|Any CPU.ActiveCfg = Release|Any CPU
		{8F35B0DE-B367-4378-B33E-957CA43CA6F8}.Release|Any CPU.Build.0 = Release|Any CPU
		{8F35B0DE-B367-4378-B33E-957CA43CA6F8}.Release|iPhone.ActiveCfg = Release|Any CPU
		{8F35B0DE-B367-4378-B33E-957CA43CA6F8}.Release|iPhone.Build.0 = Release|Any CPU
		{8F35B0DE-B367-4378-B33E-957CA43CA6F8}.Release|iPhoneSimulator.ActiveCfg = Release|Any CPU
		{8F35B0DE-B367-4378-B33E-957CA43CA6F8}.Release|iPhoneSimulator.Build.0 = Release|Any CPU
		{8F35B0DE-B367-4378-B33E-957CA43CA6F8}.Release|x64.ActiveCfg = Release|Any CPU
		{8F35B0DE-B367-4378-B33E-957CA43CA6F8}.Release|x64.Build.0 = Release|Any CPU
		{8F35B0DE-B367-4378-B33E-957CA43CA6F8}.Release|x86.ActiveCfg = Release|Any CPU
		{8F35B0DE-B367-4378-B33E-957CA43CA6F8}.Release|x86.Build.0 = Release|Any CPU
		{55EFB7AC-1695-4FA9-8CD3-0BFBE843A8BF}.Debug|Any CPU.ActiveCfg = Debug|Any CPU
		{55EFB7AC-1695-4FA9-8CD3-0BFBE843A8BF}.Debug|Any CPU.Build.0 = Debug|Any CPU
		{55EFB7AC-1695-4FA9-8CD3-0BFBE843A8BF}.Debug|Any CPU.Deploy.0 = Debug|Any CPU
		{55EFB7AC-1695-4FA9-8CD3-0BFBE843A8BF}.Debug|iPhone.ActiveCfg = Debug|Any CPU
		{55EFB7AC-1695-4FA9-8CD3-0BFBE843A8BF}.Debug|iPhone.Build.0 = Debug|Any CPU
		{55EFB7AC-1695-4FA9-8CD3-0BFBE843A8BF}.Debug|iPhone.Deploy.0 = Debug|Any CPU
		{55EFB7AC-1695-4FA9-8CD3-0BFBE843A8BF}.Debug|iPhoneSimulator.ActiveCfg = Debug|Any CPU
		{55EFB7AC-1695-4FA9-8CD3-0BFBE843A8BF}.Debug|iPhoneSimulator.Build.0 = Debug|Any CPU
		{55EFB7AC-1695-4FA9-8CD3-0BFBE843A8BF}.Debug|iPhoneSimulator.Deploy.0 = Debug|Any CPU
		{55EFB7AC-1695-4FA9-8CD3-0BFBE843A8BF}.Debug|x64.ActiveCfg = Debug|Any CPU
		{55EFB7AC-1695-4FA9-8CD3-0BFBE843A8BF}.Debug|x64.Build.0 = Debug|Any CPU
		{55EFB7AC-1695-4FA9-8CD3-0BFBE843A8BF}.Debug|x64.Deploy.0 = Debug|Any CPU
		{55EFB7AC-1695-4FA9-8CD3-0BFBE843A8BF}.Debug|x86.ActiveCfg = Debug|Any CPU
		{55EFB7AC-1695-4FA9-8CD3-0BFBE843A8BF}.Debug|x86.Build.0 = Debug|Any CPU
		{55EFB7AC-1695-4FA9-8CD3-0BFBE843A8BF}.Debug|x86.Deploy.0 = Debug|Any CPU
		{55EFB7AC-1695-4FA9-8CD3-0BFBE843A8BF}.Release|Any CPU.ActiveCfg = Release|Any CPU
		{55EFB7AC-1695-4FA9-8CD3-0BFBE843A8BF}.Release|Any CPU.Build.0 = Release|Any CPU
		{55EFB7AC-1695-4FA9-8CD3-0BFBE843A8BF}.Release|Any CPU.Deploy.0 = Release|Any CPU
		{55EFB7AC-1695-4FA9-8CD3-0BFBE843A8BF}.Release|iPhone.ActiveCfg = Release|Any CPU
		{55EFB7AC-1695-4FA9-8CD3-0BFBE843A8BF}.Release|iPhone.Build.0 = Release|Any CPU
		{55EFB7AC-1695-4FA9-8CD3-0BFBE843A8BF}.Release|iPhone.Deploy.0 = Release|Any CPU
		{55EFB7AC-1695-4FA9-8CD3-0BFBE843A8BF}.Release|iPhoneSimulator.ActiveCfg = Release|Any CPU
		{55EFB7AC-1695-4FA9-8CD3-0BFBE843A8BF}.Release|iPhoneSimulator.Build.0 = Release|Any CPU
		{55EFB7AC-1695-4FA9-8CD3-0BFBE843A8BF}.Release|iPhoneSimulator.Deploy.0 = Release|Any CPU
		{55EFB7AC-1695-4FA9-8CD3-0BFBE843A8BF}.Release|x64.ActiveCfg = Release|Any CPU
		{55EFB7AC-1695-4FA9-8CD3-0BFBE843A8BF}.Release|x64.Build.0 = Release|Any CPU
		{55EFB7AC-1695-4FA9-8CD3-0BFBE843A8BF}.Release|x64.Deploy.0 = Release|Any CPU
		{55EFB7AC-1695-4FA9-8CD3-0BFBE843A8BF}.Release|x86.ActiveCfg = Release|Any CPU
		{55EFB7AC-1695-4FA9-8CD3-0BFBE843A8BF}.Release|x86.Build.0 = Release|Any CPU
		{55EFB7AC-1695-4FA9-8CD3-0BFBE843A8BF}.Release|x86.Deploy.0 = Release|Any CPU
		{900EF744-AD44-41D8-8680-36669164EDC6}.Debug|Any CPU.ActiveCfg = Debug|iPhone
		{900EF744-AD44-41D8-8680-36669164EDC6}.Debug|iPhone.ActiveCfg = Debug|iPhone
		{900EF744-AD44-41D8-8680-36669164EDC6}.Debug|iPhone.Build.0 = Debug|iPhone
		{900EF744-AD44-41D8-8680-36669164EDC6}.Debug|iPhoneSimulator.ActiveCfg = Debug|iPhoneSimulator
		{900EF744-AD44-41D8-8680-36669164EDC6}.Debug|iPhoneSimulator.Build.0 = Debug|iPhoneSimulator
		{900EF744-AD44-41D8-8680-36669164EDC6}.Debug|x64.ActiveCfg = Debug|iPhone
		{900EF744-AD44-41D8-8680-36669164EDC6}.Debug|x86.ActiveCfg = Debug|iPhone
		{900EF744-AD44-41D8-8680-36669164EDC6}.Release|Any CPU.ActiveCfg = Release|iPhone
		{900EF744-AD44-41D8-8680-36669164EDC6}.Release|iPhone.ActiveCfg = Release|iPhone
		{900EF744-AD44-41D8-8680-36669164EDC6}.Release|iPhone.Build.0 = Release|iPhone
		{900EF744-AD44-41D8-8680-36669164EDC6}.Release|iPhoneSimulator.ActiveCfg = Release|iPhoneSimulator
		{900EF744-AD44-41D8-8680-36669164EDC6}.Release|iPhoneSimulator.Build.0 = Release|iPhoneSimulator
		{900EF744-AD44-41D8-8680-36669164EDC6}.Release|x64.ActiveCfg = Release|iPhone
		{900EF744-AD44-41D8-8680-36669164EDC6}.Release|x86.ActiveCfg = Release|iPhone
		{519BC819-5065-4265-97CF-094708F718C6}.Debug|Any CPU.ActiveCfg = Debug|Any CPU
		{519BC819-5065-4265-97CF-094708F718C6}.Debug|Any CPU.Build.0 = Debug|Any CPU
		{519BC819-5065-4265-97CF-094708F718C6}.Debug|iPhone.ActiveCfg = Debug|Any CPU
		{519BC819-5065-4265-97CF-094708F718C6}.Debug|iPhone.Build.0 = Debug|Any CPU
		{519BC819-5065-4265-97CF-094708F718C6}.Debug|iPhoneSimulator.ActiveCfg = Debug|Any CPU
		{519BC819-5065-4265-97CF-094708F718C6}.Debug|iPhoneSimulator.Build.0 = Debug|Any CPU
		{519BC819-5065-4265-97CF-094708F718C6}.Debug|x64.ActiveCfg = Debug|Any CPU
		{519BC819-5065-4265-97CF-094708F718C6}.Debug|x64.Build.0 = Debug|Any CPU
		{519BC819-5065-4265-97CF-094708F718C6}.Debug|x86.ActiveCfg = Debug|Any CPU
		{519BC819-5065-4265-97CF-094708F718C6}.Debug|x86.Build.0 = Debug|Any CPU
		{519BC819-5065-4265-97CF-094708F718C6}.Release|Any CPU.ActiveCfg = Release|Any CPU
		{519BC819-5065-4265-97CF-094708F718C6}.Release|Any CPU.Build.0 = Release|Any CPU
		{519BC819-5065-4265-97CF-094708F718C6}.Release|iPhone.ActiveCfg = Release|Any CPU
		{519BC819-5065-4265-97CF-094708F718C6}.Release|iPhone.Build.0 = Release|Any CPU
		{519BC819-5065-4265-97CF-094708F718C6}.Release|iPhoneSimulator.ActiveCfg = Release|Any CPU
		{519BC819-5065-4265-97CF-094708F718C6}.Release|iPhoneSimulator.Build.0 = Release|Any CPU
		{519BC819-5065-4265-97CF-094708F718C6}.Release|x64.ActiveCfg = Release|Any CPU
		{519BC819-5065-4265-97CF-094708F718C6}.Release|x64.Build.0 = Release|Any CPU
		{519BC819-5065-4265-97CF-094708F718C6}.Release|x86.ActiveCfg = Release|Any CPU
		{519BC819-5065-4265-97CF-094708F718C6}.Release|x86.Build.0 = Release|Any CPU
		{BD41CF8E-38FB-48D4-8767-5D144F59105E}.Debug|Any CPU.ActiveCfg = Debug|Any CPU
		{BD41CF8E-38FB-48D4-8767-5D144F59105E}.Debug|Any CPU.Build.0 = Debug|Any CPU
		{BD41CF8E-38FB-48D4-8767-5D144F59105E}.Debug|iPhone.ActiveCfg = Debug|Any CPU
		{BD41CF8E-38FB-48D4-8767-5D144F59105E}.Debug|iPhone.Build.0 = Debug|Any CPU
		{BD41CF8E-38FB-48D4-8767-5D144F59105E}.Debug|iPhoneSimulator.ActiveCfg = Debug|Any CPU
		{BD41CF8E-38FB-48D4-8767-5D144F59105E}.Debug|iPhoneSimulator.Build.0 = Debug|Any CPU
		{BD41CF8E-38FB-48D4-8767-5D144F59105E}.Debug|x64.ActiveCfg = Debug|Any CPU
		{BD41CF8E-38FB-48D4-8767-5D144F59105E}.Debug|x64.Build.0 = Debug|Any CPU
		{BD41CF8E-38FB-48D4-8767-5D144F59105E}.Debug|x86.ActiveCfg = Debug|Any CPU
		{BD41CF8E-38FB-48D4-8767-5D144F59105E}.Debug|x86.Build.0 = Debug|Any CPU
		{BD41CF8E-38FB-48D4-8767-5D144F59105E}.Release|Any CPU.ActiveCfg = Release|Any CPU
		{BD41CF8E-38FB-48D4-8767-5D144F59105E}.Release|Any CPU.Build.0 = Release|Any CPU
		{BD41CF8E-38FB-48D4-8767-5D144F59105E}.Release|iPhone.ActiveCfg = Release|Any CPU
		{BD41CF8E-38FB-48D4-8767-5D144F59105E}.Release|iPhone.Build.0 = Release|Any CPU
		{BD41CF8E-38FB-48D4-8767-5D144F59105E}.Release|iPhoneSimulator.ActiveCfg = Release|Any CPU
		{BD41CF8E-38FB-48D4-8767-5D144F59105E}.Release|iPhoneSimulator.Build.0 = Release|Any CPU
		{BD41CF8E-38FB-48D4-8767-5D144F59105E}.Release|x64.ActiveCfg = Release|Any CPU
		{BD41CF8E-38FB-48D4-8767-5D144F59105E}.Release|x64.Build.0 = Release|Any CPU
		{BD41CF8E-38FB-48D4-8767-5D144F59105E}.Release|x86.ActiveCfg = Release|Any CPU
		{BD41CF8E-38FB-48D4-8767-5D144F59105E}.Release|x86.Build.0 = Release|Any CPU
		{8370147A-CBE8-4D1A-A291-50E0950551CC}.Debug|Any CPU.ActiveCfg = Debug|Any CPU
		{8370147A-CBE8-4D1A-A291-50E0950551CC}.Debug|Any CPU.Build.0 = Debug|Any CPU
		{8370147A-CBE8-4D1A-A291-50E0950551CC}.Debug|iPhone.ActiveCfg = Debug|Any CPU
		{8370147A-CBE8-4D1A-A291-50E0950551CC}.Debug|iPhone.Build.0 = Debug|Any CPU
		{8370147A-CBE8-4D1A-A291-50E0950551CC}.Debug|iPhoneSimulator.ActiveCfg = Debug|Any CPU
		{8370147A-CBE8-4D1A-A291-50E0950551CC}.Debug|iPhoneSimulator.Build.0 = Debug|Any CPU
		{8370147A-CBE8-4D1A-A291-50E0950551CC}.Debug|x64.ActiveCfg = Debug|Any CPU
		{8370147A-CBE8-4D1A-A291-50E0950551CC}.Debug|x64.Build.0 = Debug|Any CPU
		{8370147A-CBE8-4D1A-A291-50E0950551CC}.Debug|x86.ActiveCfg = Debug|Any CPU
		{8370147A-CBE8-4D1A-A291-50E0950551CC}.Debug|x86.Build.0 = Debug|Any CPU
		{8370147A-CBE8-4D1A-A291-50E0950551CC}.Release|Any CPU.ActiveCfg = Release|Any CPU
		{8370147A-CBE8-4D1A-A291-50E0950551CC}.Release|Any CPU.Build.0 = Release|Any CPU
		{8370147A-CBE8-4D1A-A291-50E0950551CC}.Release|iPhone.ActiveCfg = Release|Any CPU
		{8370147A-CBE8-4D1A-A291-50E0950551CC}.Release|iPhone.Build.0 = Release|Any CPU
		{8370147A-CBE8-4D1A-A291-50E0950551CC}.Release|iPhoneSimulator.ActiveCfg = Release|Any CPU
		{8370147A-CBE8-4D1A-A291-50E0950551CC}.Release|iPhoneSimulator.Build.0 = Release|Any CPU
		{8370147A-CBE8-4D1A-A291-50E0950551CC}.Release|x64.ActiveCfg = Release|Any CPU
		{8370147A-CBE8-4D1A-A291-50E0950551CC}.Release|x64.Build.0 = Release|Any CPU
		{8370147A-CBE8-4D1A-A291-50E0950551CC}.Release|x86.ActiveCfg = Release|Any CPU
		{8370147A-CBE8-4D1A-A291-50E0950551CC}.Release|x86.Build.0 = Release|Any CPU
		{30B39CB7-ADA9-4FE5-BDFE-867C3C5DCC8D}.Debug|Any CPU.ActiveCfg = Debug|Any CPU
		{30B39CB7-ADA9-4FE5-BDFE-867C3C5DCC8D}.Debug|Any CPU.Build.0 = Debug|Any CPU
		{30B39CB7-ADA9-4FE5-BDFE-867C3C5DCC8D}.Debug|iPhone.ActiveCfg = Debug|Any CPU
		{30B39CB7-ADA9-4FE5-BDFE-867C3C5DCC8D}.Debug|iPhone.Build.0 = Debug|Any CPU
		{30B39CB7-ADA9-4FE5-BDFE-867C3C5DCC8D}.Debug|iPhoneSimulator.ActiveCfg = Debug|Any CPU
		{30B39CB7-ADA9-4FE5-BDFE-867C3C5DCC8D}.Debug|iPhoneSimulator.Build.0 = Debug|Any CPU
		{30B39CB7-ADA9-4FE5-BDFE-867C3C5DCC8D}.Debug|x64.ActiveCfg = Debug|Any CPU
		{30B39CB7-ADA9-4FE5-BDFE-867C3C5DCC8D}.Debug|x64.Build.0 = Debug|Any CPU
		{30B39CB7-ADA9-4FE5-BDFE-867C3C5DCC8D}.Debug|x86.ActiveCfg = Debug|Any CPU
		{30B39CB7-ADA9-4FE5-BDFE-867C3C5DCC8D}.Debug|x86.Build.0 = Debug|Any CPU
		{30B39CB7-ADA9-4FE5-BDFE-867C3C5DCC8D}.Release|Any CPU.ActiveCfg = Release|Any CPU
		{30B39CB7-ADA9-4FE5-BDFE-867C3C5DCC8D}.Release|Any CPU.Build.0 = Release|Any CPU
		{30B39CB7-ADA9-4FE5-BDFE-867C3C5DCC8D}.Release|iPhone.ActiveCfg = Release|Any CPU
		{30B39CB7-ADA9-4FE5-BDFE-867C3C5DCC8D}.Release|iPhone.Build.0 = Release|Any CPU
		{30B39CB7-ADA9-4FE5-BDFE-867C3C5DCC8D}.Release|iPhoneSimulator.ActiveCfg = Release|Any CPU
		{30B39CB7-ADA9-4FE5-BDFE-867C3C5DCC8D}.Release|iPhoneSimulator.Build.0 = Release|Any CPU
		{30B39CB7-ADA9-4FE5-BDFE-867C3C5DCC8D}.Release|x64.ActiveCfg = Release|Any CPU
		{30B39CB7-ADA9-4FE5-BDFE-867C3C5DCC8D}.Release|x64.Build.0 = Release|Any CPU
		{30B39CB7-ADA9-4FE5-BDFE-867C3C5DCC8D}.Release|x86.ActiveCfg = Release|Any CPU
		{30B39CB7-ADA9-4FE5-BDFE-867C3C5DCC8D}.Release|x86.Build.0 = Release|Any CPU
		{AD170AB1-F7BD-4F2D-BD50-6D6F1141DAC8}.Debug|Any CPU.ActiveCfg = Debug|Any CPU
		{AD170AB1-F7BD-4F2D-BD50-6D6F1141DAC8}.Debug|Any CPU.Build.0 = Debug|Any CPU
		{AD170AB1-F7BD-4F2D-BD50-6D6F1141DAC8}.Debug|iPhone.ActiveCfg = Debug|Any CPU
		{AD170AB1-F7BD-4F2D-BD50-6D6F1141DAC8}.Debug|iPhone.Build.0 = Debug|Any CPU
		{AD170AB1-F7BD-4F2D-BD50-6D6F1141DAC8}.Debug|iPhoneSimulator.ActiveCfg = Debug|Any CPU
		{AD170AB1-F7BD-4F2D-BD50-6D6F1141DAC8}.Debug|iPhoneSimulator.Build.0 = Debug|Any CPU
		{AD170AB1-F7BD-4F2D-BD50-6D6F1141DAC8}.Debug|x64.ActiveCfg = Debug|Any CPU
		{AD170AB1-F7BD-4F2D-BD50-6D6F1141DAC8}.Debug|x64.Build.0 = Debug|Any CPU
		{AD170AB1-F7BD-4F2D-BD50-6D6F1141DAC8}.Debug|x86.ActiveCfg = Debug|Any CPU
		{AD170AB1-F7BD-4F2D-BD50-6D6F1141DAC8}.Debug|x86.Build.0 = Debug|Any CPU
		{AD170AB1-F7BD-4F2D-BD50-6D6F1141DAC8}.Release|Any CPU.ActiveCfg = Release|Any CPU
		{AD170AB1-F7BD-4F2D-BD50-6D6F1141DAC8}.Release|Any CPU.Build.0 = Release|Any CPU
		{AD170AB1-F7BD-4F2D-BD50-6D6F1141DAC8}.Release|iPhone.ActiveCfg = Release|Any CPU
		{AD170AB1-F7BD-4F2D-BD50-6D6F1141DAC8}.Release|iPhone.Build.0 = Release|Any CPU
		{AD170AB1-F7BD-4F2D-BD50-6D6F1141DAC8}.Release|iPhoneSimulator.ActiveCfg = Release|Any CPU
		{AD170AB1-F7BD-4F2D-BD50-6D6F1141DAC8}.Release|iPhoneSimulator.Build.0 = Release|Any CPU
		{AD170AB1-F7BD-4F2D-BD50-6D6F1141DAC8}.Release|x64.ActiveCfg = Release|Any CPU
		{AD170AB1-F7BD-4F2D-BD50-6D6F1141DAC8}.Release|x64.Build.0 = Release|Any CPU
		{AD170AB1-F7BD-4F2D-BD50-6D6F1141DAC8}.Release|x86.ActiveCfg = Release|Any CPU
		{AD170AB1-F7BD-4F2D-BD50-6D6F1141DAC8}.Release|x86.Build.0 = Release|Any CPU
	EndGlobalSection
	GlobalSection(SolutionProperties) = preSolution
		HideSolutionNode = FALSE
	EndGlobalSection
	GlobalSection(ExtensibilityGlobals) = postSolution
		SolutionGuid = {D4D084C3-17AA-4072-804F-BDE2F9C53C10}
	EndGlobalSection
EndGlobal
